// !$*UTF8*$!
{
	archiveVersion = 1;
	classes = {
	};
	objectVersion = 46;
	objects = {

/* Begin PBXBuildFile section */
		8F219C2317E2797A005FB9E2 /* UIKit.framework in Frameworks */ = {isa = PBXBuildFile; fileRef = 8F219C2217E2797A005FB9E2 /* UIKit.framework */; };
		8F219C2517E2797A005FB9E2 /* Foundation.framework in Frameworks */ = {isa = PBXBuildFile; fileRef = 8F219C2417E2797A005FB9E2 /* Foundation.framework */; };
		8F219C2717E2797A005FB9E2 /* CoreGraphics.framework in Frameworks */ = {isa = PBXBuildFile; fileRef = 8F219C2617E2797A005FB9E2 /* CoreGraphics.framework */; };
		8F219C2D17E2797A005FB9E2 /* InfoPlist.strings in Resources */ = {isa = PBXBuildFile; fileRef = 8F219C2B17E2797A005FB9E2 /* InfoPlist.strings */; };
		8F219C2F17E2797A005FB9E2 /* main.m in Sources */ = {isa = PBXBuildFile; fileRef = 8F219C2E17E2797A005FB9E2 /* main.m */; };
		8F219C3317E2797A005FB9E2 /* CardGameAppDelegate.m in Sources */ = {isa = PBXBuildFile; fileRef = 8F219C3217E2797A005FB9E2 /* CardGameAppDelegate.m */; };
		8F219C3517E2797A005FB9E2 /* Default.png in Resources */ = {isa = PBXBuildFile; fileRef = 8F219C3417E2797A005FB9E2 /* Default.png */; };
		8F219C3717E2797A005FB9E2 /* Default@2x.png in Resources */ = {isa = PBXBuildFile; fileRef = 8F219C3617E2797A005FB9E2 /* Default@2x.png */; };
		8F219C3917E2797A005FB9E2 /* Default-568h@2x.png in Resources */ = {isa = PBXBuildFile; fileRef = 8F219C3817E2797A005FB9E2 /* Default-568h@2x.png */; };
		8F219C3C17E2797A005FB9E2 /* MainStoryboard.storyboard in Resources */ = {isa = PBXBuildFile; fileRef = 8F219C3A17E2797A005FB9E2 /* MainStoryboard.storyboard */; };
		8F219C3F17E2797A005FB9E2 /* CardGameViewController.m in Sources */ = {isa = PBXBuildFile; fileRef = 8F219C3E17E2797A005FB9E2 /* CardGameViewController.m */; };
		8F219C4717E280FC005FB9E2 /* Card.m in Sources */ = {isa = PBXBuildFile; fileRef = 8F219C4617E280FC005FB9E2 /* Card.m */; };
		8F219C4A17E28129005FB9E2 /* Deck.m in Sources */ = {isa = PBXBuildFile; fileRef = 8F219C4917E28129005FB9E2 /* Deck.m */; };
		8F219C4E17E28ED9005FB9E2 /* PlayingCard.m in Sources */ = {isa = PBXBuildFile; fileRef = 8F219C4D17E28ED9005FB9E2 /* PlayingCard.m */; };
		8F219C5117E29D99005FB9E2 /* PlayingCardDeck.m in Sources */ = {isa = PBXBuildFile; fileRef = 8F219C5017E29D99005FB9E2 /* PlayingCardDeck.m */; };
		8F219C5417E2AD6E005FB9E2 /* CardMatchingGame.m in Sources */ = {isa = PBXBuildFile; fileRef = 8F219C5317E2AD6E005FB9E2 /* CardMatchingGame.m */; };
		8F219C5617E4C456005FB9E2 /* 326.png in Resources */ = {isa = PBXBuildFile; fileRef = 8F219C5517E4C456005FB9E2 /* 326.png */; };
		8F75302917F8E44700726776 /* Score.m in Sources */ = {isa = PBXBuildFile; fileRef = 8F75302817F8E44700726776 /* Score.m */; };
		8FBACA6017EF9BAF009A2027 /* SetViewController.m in Sources */ = {isa = PBXBuildFile; fileRef = 8FBACA5F17EF9BAF009A2027 /* SetViewController.m */; };
		8FBACA6317EF9C10009A2027 /* ScoreViewController.m in Sources */ = {isa = PBXBuildFile; fileRef = 8FBACA6217EF9C10009A2027 /* ScoreViewController.m */; };
		8FBACA6617EF9C33009A2027 /* SettingsViewController.m in Sources */ = {isa = PBXBuildFile; fileRef = 8FBACA6517EF9C33009A2027 /* SettingsViewController.m */; };
		8FBACA6A17EFB6DC009A2027 /* SetPlayingCard.m in Sources */ = {isa = PBXBuildFile; fileRef = 8FBACA6917EFB6DB009A2027 /* SetPlayingCard.m */; };
		8FBACA6D17F1DCAB009A2027 /* SetPlayingCardDeck.m in Sources */ = {isa = PBXBuildFile; fileRef = 8FBACA6C17F1DCAB009A2027 /* SetPlayingCardDeck.m */; };
		8FBACA7017F2030D009A2027 /* CardGame.m in Sources */ = {isa = PBXBuildFile; fileRef = 8FBACA6F17F2030D009A2027 /* CardGame.m */; };
		8FBACA7317F2032D009A2027 /* SetCardGame.m in Sources */ = {isa = PBXBuildFile; fileRef = 8FBACA7217F2032D009A2027 /* SetCardGame.m */; };
		8FBACA7517F45477009A2027 /* image006.png in Resources */ = {isa = PBXBuildFile; fileRef = 8FBACA7417F45477009A2027 /* image006.png */; };
		8FBACA7917F455A4009A2027 /* 1380213845_Toolbox.png in Resources */ = {isa = PBXBuildFile; fileRef = 8FBACA7817F455A4009A2027 /* 1380213845_Toolbox.png */; };
		8FBACA7B17F45670009A2027 /* Icon-Score.png in Resources */ = {isa = PBXBuildFile; fileRef = 8FBACA7A17F45670009A2027 /* Icon-Score.png */; };
		8FBACA7D17F456F7009A2027 /* gameboid.png in Resources */ = {isa = PBXBuildFile; fileRef = 8FBACA7C17F456F7009A2027 /* gameboid.png */; };
		8FBACA7F17F457A0009A2027 /* 1380214306_triangle.png in Resources */ = {isa = PBXBuildFile; fileRef = 8FBACA7E17F457A0009A2027 /* 1380214306_triangle.png */; };
/* End PBXBuildFile section */

/* Begin PBXFileReference section */
		8F219C1F17E2797A005FB9E2 /* matchismo.app */ = {isa = PBXFileReference; explicitFileType = wrapper.application; includeInIndex = 0; path = matchismo.app; sourceTree = BUILT_PRODUCTS_DIR; };
		8F219C2217E2797A005FB9E2 /* UIKit.framework */ = {isa = PBXFileReference; lastKnownFileType = wrapper.framework; name = UIKit.framework; path = System/Library/Frameworks/UIKit.framework; sourceTree = SDKROOT; };
		8F219C2417E2797A005FB9E2 /* Foundation.framework */ = {isa = PBXFileReference; lastKnownFileType = wrapper.framework; name = Foundation.framework; path = System/Library/Frameworks/Foundation.framework; sourceTree = SDKROOT; };
		8F219C2617E2797A005FB9E2 /* CoreGraphics.framework */ = {isa = PBXFileReference; lastKnownFileType = wrapper.framework; name = CoreGraphics.framework; path = System/Library/Frameworks/CoreGraphics.framework; sourceTree = SDKROOT; };
		8F219C2A17E2797A005FB9E2 /* matchismo-Info.plist */ = {isa = PBXFileReference; lastKnownFileType = text.plist.xml; path = "matchismo-Info.plist"; sourceTree = "<group>"; };
		8F219C2C17E2797A005FB9E2 /* en */ = {isa = PBXFileReference; lastKnownFileType = text.plist.strings; name = en; path = en.lproj/InfoPlist.strings; sourceTree = "<group>"; };
		8F219C2E17E2797A005FB9E2 /* main.m */ = {isa = PBXFileReference; lastKnownFileType = sourcecode.c.objc; path = main.m; sourceTree = "<group>"; };
		8F219C3017E2797A005FB9E2 /* matchismo-Prefix.pch */ = {isa = PBXFileReference; lastKnownFileType = sourcecode.c.h; path = "matchismo-Prefix.pch"; sourceTree = "<group>"; };
		8F219C3117E2797A005FB9E2 /* CardGameAppDelegate.h */ = {isa = PBXFileReference; lastKnownFileType = sourcecode.c.h; path = CardGameAppDelegate.h; sourceTree = "<group>"; };
		8F219C3217E2797A005FB9E2 /* CardGameAppDelegate.m */ = {isa = PBXFileReference; lastKnownFileType = sourcecode.c.objc; path = CardGameAppDelegate.m; sourceTree = "<group>"; };
		8F219C3417E2797A005FB9E2 /* Default.png */ = {isa = PBXFileReference; lastKnownFileType = image.png; path = Default.png; sourceTree = "<group>"; };
		8F219C3617E2797A005FB9E2 /* Default@2x.png */ = {isa = PBXFileReference; lastKnownFileType = image.png; path = "Default@2x.png"; sourceTree = "<group>"; };
		8F219C3817E2797A005FB9E2 /* Default-568h@2x.png */ = {isa = PBXFileReference; lastKnownFileType = image.png; path = "Default-568h@2x.png"; sourceTree = "<group>"; };
		8F219C3B17E2797A005FB9E2 /* en */ = {isa = PBXFileReference; lastKnownFileType = file.storyboard; name = en; path = en.lproj/MainStoryboard.storyboard; sourceTree = "<group>"; };
		8F219C3D17E2797A005FB9E2 /* CardGameViewController.h */ = {isa = PBXFileReference; lastKnownFileType = sourcecode.c.h; path = CardGameViewController.h; sourceTree = "<group>"; };
		8F219C3E17E2797A005FB9E2 /* CardGameViewController.m */ = {isa = PBXFileReference; lastKnownFileType = sourcecode.c.objc; path = CardGameViewController.m; sourceTree = "<group>"; };
		8F219C4517E280FC005FB9E2 /* Card.h */ = {isa = PBXFileReference; fileEncoding = 4; lastKnownFileType = sourcecode.c.h; name = Card.h; path = Model/Card.h; sourceTree = "<group>"; };
		8F219C4617E280FC005FB9E2 /* Card.m */ = {isa = PBXFileReference; fileEncoding = 4; lastKnownFileType = sourcecode.c.objc; name = Card.m; path = Model/Card.m; sourceTree = "<group>"; };
		8F219C4817E28129005FB9E2 /* Deck.h */ = {isa = PBXFileReference; fileEncoding = 4; lastKnownFileType = sourcecode.c.h; name = Deck.h; path = Model/Deck.h; sourceTree = "<group>"; };
		8F219C4917E28129005FB9E2 /* Deck.m */ = {isa = PBXFileReference; fileEncoding = 4; lastKnownFileType = sourcecode.c.objc; name = Deck.m; path = Model/Deck.m; sourceTree = "<group>"; };
		8F219C4C17E28ED9005FB9E2 /* PlayingCard.h */ = {isa = PBXFileReference; fileEncoding = 4; lastKnownFileType = sourcecode.c.h; name = PlayingCard.h; path = Model/PlayingCard.h; sourceTree = "<group>"; };
		8F219C4D17E28ED9005FB9E2 /* PlayingCard.m */ = {isa = PBXFileReference; fileEncoding = 4; lastKnownFileType = sourcecode.c.objc; name = PlayingCard.m; path = Model/PlayingCard.m; sourceTree = "<group>"; };
		8F219C4F17E29D99005FB9E2 /* PlayingCardDeck.h */ = {isa = PBXFileReference; fileEncoding = 4; lastKnownFileType = sourcecode.c.h; name = PlayingCardDeck.h; path = Model/PlayingCardDeck.h; sourceTree = "<group>"; };
		8F219C5017E29D99005FB9E2 /* PlayingCardDeck.m */ = {isa = PBXFileReference; fileEncoding = 4; lastKnownFileType = sourcecode.c.objc; name = PlayingCardDeck.m; path = Model/PlayingCardDeck.m; sourceTree = "<group>"; };
		8F219C5217E2AD6E005FB9E2 /* CardMatchingGame.h */ = {isa = PBXFileReference; fileEncoding = 4; lastKnownFileType = sourcecode.c.h; name = CardMatchingGame.h; path = Model/CardMatchingGame.h; sourceTree = "<group>"; };
		8F219C5317E2AD6E005FB9E2 /* CardMatchingGame.m */ = {isa = PBXFileReference; fileEncoding = 4; lastKnownFileType = sourcecode.c.objc; name = CardMatchingGame.m; path = Model/CardMatchingGame.m; sourceTree = "<group>"; };
		8F219C5517E4C456005FB9E2 /* 326.png */ = {isa = PBXFileReference; lastKnownFileType = image.png; path = 326.png; sourceTree = "<group>"; };
		8F75302717F8E44700726776 /* Score.h */ = {isa = PBXFileReference; fileEncoding = 4; lastKnownFileType = sourcecode.c.h; name = Score.h; path = Model/Score.h; sourceTree = "<group>"; };
		8F75302817F8E44700726776 /* Score.m */ = {isa = PBXFileReference; fileEncoding = 4; lastKnownFileType = sourcecode.c.objc; name = Score.m; path = Model/Score.m; sourceTree = "<group>"; };
		8FBACA5E17EF9BAF009A2027 /* SetViewController.h */ = {isa = PBXFileReference; fileEncoding = 4; lastKnownFileType = sourcecode.c.h; path = SetViewController.h; sourceTree = "<group>"; };
		8FBACA5F17EF9BAF009A2027 /* SetViewController.m */ = {isa = PBXFileReference; fileEncoding = 4; lastKnownFileType = sourcecode.c.objc; path = SetViewController.m; sourceTree = "<group>"; };
		8FBACA6117EF9C10009A2027 /* ScoreViewController.h */ = {isa = PBXFileReference; fileEncoding = 4; lastKnownFileType = sourcecode.c.h; path = ScoreViewController.h; sourceTree = "<group>"; };
		8FBACA6217EF9C10009A2027 /* ScoreViewController.m */ = {isa = PBXFileReference; fileEncoding = 4; lastKnownFileType = sourcecode.c.objc; path = ScoreViewController.m; sourceTree = "<group>"; };
		8FBACA6417EF9C33009A2027 /* SettingsViewController.h */ = {isa = PBXFileReference; fileEncoding = 4; lastKnownFileType = sourcecode.c.h; path = SettingsViewController.h; sourceTree = "<group>"; };
		8FBACA6517EF9C33009A2027 /* SettingsViewController.m */ = {isa = PBXFileReference; fileEncoding = 4; lastKnownFileType = sourcecode.c.objc; path = SettingsViewController.m; sourceTree = "<group>"; };
		8FBACA6817EFB6DB009A2027 /* SetPlayingCard.h */ = {isa = PBXFileReference; fileEncoding = 4; lastKnownFileType = sourcecode.c.h; name = SetPlayingCard.h; path = Model/SetPlayingCard.h; sourceTree = "<group>"; };
		8FBACA6917EFB6DB009A2027 /* SetPlayingCard.m */ = {isa = PBXFileReference; fileEncoding = 4; lastKnownFileType = sourcecode.c.objc; name = SetPlayingCard.m; path = Model/SetPlayingCard.m; sourceTree = "<group>"; };
		8FBACA6B17F1DCAB009A2027 /* SetPlayingCardDeck.h */ = {isa = PBXFileReference; fileEncoding = 4; lastKnownFileType = sourcecode.c.h; name = SetPlayingCardDeck.h; path = Model/SetPlayingCardDeck.h; sourceTree = "<group>"; };
		8FBACA6C17F1DCAB009A2027 /* SetPlayingCardDeck.m */ = {isa = PBXFileReference; fileEncoding = 4; lastKnownFileType = sourcecode.c.objc; name = SetPlayingCardDeck.m; path = Model/SetPlayingCardDeck.m; sourceTree = "<group>"; };
		8FBACA6E17F2030D009A2027 /* CardGame.h */ = {isa = PBXFileReference; fileEncoding = 4; lastKnownFileType = sourcecode.c.h; name = CardGame.h; path = Model/CardGame.h; sourceTree = "<group>"; };
		8FBACA6F17F2030D009A2027 /* CardGame.m */ = {isa = PBXFileReference; fileEncoding = 4; lastKnownFileType = sourcecode.c.objc; name = CardGame.m; path = Model/CardGame.m; sourceTree = "<group>"; };
		8FBACA7117F2032D009A2027 /* SetCardGame.h */ = {isa = PBXFileReference; fileEncoding = 4; lastKnownFileType = sourcecode.c.h; name = SetCardGame.h; path = Model/SetCardGame.h; sourceTree = "<group>"; };
		8FBACA7217F2032D009A2027 /* SetCardGame.m */ = {isa = PBXFileReference; fileEncoding = 4; lastKnownFileType = sourcecode.c.objc; name = SetCardGame.m; path = Model/SetCardGame.m; sourceTree = "<group>"; };
		8FBACA7417F45477009A2027 /* image006.png */ = {isa = PBXFileReference; lastKnownFileType = image.png; path = image006.png; sourceTree = "<group>"; };
		8FBACA7817F455A4009A2027 /* 1380213845_Toolbox.png */ = {isa = PBXFileReference; lastKnownFileType = image.png; path = 1380213845_Toolbox.png; sourceTree = "<group>"; };
		8FBACA7A17F45670009A2027 /* Icon-Score.png */ = {isa = PBXFileReference; lastKnownFileType = image.png; path = "Icon-Score.png"; sourceTree = "<group>"; };
		8FBACA7C17F456F7009A2027 /* gameboid.png */ = {isa = PBXFileReference; lastKnownFileType = image.png; path = gameboid.png; sourceTree = "<group>"; };
		8FBACA7E17F457A0009A2027 /* 1380214306_triangle.png */ = {isa = PBXFileReference; lastKnownFileType = image.png; path = 1380214306_triangle.png; sourceTree = "<group>"; };
/* End PBXFileReference section */

/* Begin PBXFrameworksBuildPhase section */
		8F219C1C17E27979005FB9E2 /* Frameworks */ = {
			isa = PBXFrameworksBuildPhase;
			buildActionMask = 2147483647;
			files = (
				8F219C2317E2797A005FB9E2 /* UIKit.framework in Frameworks */,
				8F219C2517E2797A005FB9E2 /* Foundation.framework in Frameworks */,
				8F219C2717E2797A005FB9E2 /* CoreGraphics.framework in Frameworks */,
			);
			runOnlyForDeploymentPostprocessing = 0;
		};
/* End PBXFrameworksBuildPhase section */

/* Begin PBXGroup section */
		8F219C1617E27979005FB9E2 = {
			isa = PBXGroup;
			children = (
				8F219C2817E2797A005FB9E2 /* matchismo */,
				8F219C2117E2797A005FB9E2 /* Frameworks */,
				8F219C2017E2797A005FB9E2 /* Products */,
			);
			sourceTree = "<group>";
		};
		8F219C2017E2797A005FB9E2 /* Products */ = {
			isa = PBXGroup;
			children = (
				8F219C1F17E2797A005FB9E2 /* matchismo.app */,
			);
			name = Products;
			sourceTree = "<group>";
		};
		8F219C2117E2797A005FB9E2 /* Frameworks */ = {
			isa = PBXGroup;
			children = (
				8F219C2217E2797A005FB9E2 /* UIKit.framework */,
				8F219C2417E2797A005FB9E2 /* Foundation.framework */,
				8F219C2617E2797A005FB9E2 /* CoreGraphics.framework */,
			);
			name = Frameworks;
			sourceTree = "<group>";
		};
		8F219C2817E2797A005FB9E2 /* matchismo */ = {
			isa = PBXGroup;
			children = (
				8FBACA6717EF9C53009A2027 /* ViewController */,
				8F219C3A17E2797A005FB9E2 /* MainStoryboard.storyboard */,
				8F219C4B17E2817F005FB9E2 /* Model */,
				8F219C2917E2797A005FB9E2 /* Supporting Files */,
			);
			path = matchismo;
			sourceTree = "<group>";
		};
		8F219C2917E2797A005FB9E2 /* Supporting Files */ = {
			isa = PBXGroup;
			children = (
				8FBACA7E17F457A0009A2027 /* 1380214306_triangle.png */,
				8FBACA7C17F456F7009A2027 /* gameboid.png */,
				8FBACA7A17F45670009A2027 /* Icon-Score.png */,
				8FBACA7817F455A4009A2027 /* 1380213845_Toolbox.png */,
				8FBACA7417F45477009A2027 /* image006.png */,
				8F219C5517E4C456005FB9E2 /* 326.png */,
				8F219C3117E2797A005FB9E2 /* CardGameAppDelegate.h */,
				8F219C3217E2797A005FB9E2 /* CardGameAppDelegate.m */,
				8F219C2A17E2797A005FB9E2 /* matchismo-Info.plist */,
				8F219C2B17E2797A005FB9E2 /* InfoPlist.strings */,
				8F219C2E17E2797A005FB9E2 /* main.m */,
				8F219C3017E2797A005FB9E2 /* matchismo-Prefix.pch */,
				8F219C3417E2797A005FB9E2 /* Default.png */,
				8F219C3617E2797A005FB9E2 /* Default@2x.png */,
				8F219C3817E2797A005FB9E2 /* Default-568h@2x.png */,
			);
			name = "Supporting Files";
			sourceTree = "<group>";
		};
		8F219C4B17E2817F005FB9E2 /* Model */ = {
			isa = PBXGroup;
			children = (
				8FBACA6817EFB6DB009A2027 /* SetPlayingCard.h */,
				8FBACA6917EFB6DB009A2027 /* SetPlayingCard.m */,
				8F219C5317E2AD6E005FB9E2 /* CardMatchingGame.m */,
				8FBACA6E17F2030D009A2027 /* CardGame.h */,
				8FBACA6F17F2030D009A2027 /* CardGame.m */,
				8FBACA7117F2032D009A2027 /* SetCardGame.h */,
				8FBACA7217F2032D009A2027 /* SetCardGame.m */,
				8F219C5217E2AD6E005FB9E2 /* CardMatchingGame.h */,
				8F219C4617E280FC005FB9E2 /* Card.m */,
				8F219C4517E280FC005FB9E2 /* Card.h */,
				8F219C4917E28129005FB9E2 /* Deck.m */,
				8FBACA6B17F1DCAB009A2027 /* SetPlayingCardDeck.h */,
				8FBACA6C17F1DCAB009A2027 /* SetPlayingCardDeck.m */,
				8F219C4817E28129005FB9E2 /* Deck.h */,
				8F219C4F17E29D99005FB9E2 /* PlayingCardDeck.h */,
				8F219C5017E29D99005FB9E2 /* PlayingCardDeck.m */,
				8F219C4C17E28ED9005FB9E2 /* PlayingCard.h */,
				8F219C4D17E28ED9005FB9E2 /* PlayingCard.m */,
				8F75302717F8E44700726776 /* Score.h */,
				8F75302817F8E44700726776 /* Score.m */,
			);
			name = Model;
			sourceTree = "<group>";
		};
		8FBACA6717EF9C53009A2027 /* ViewController */ = {
			isa = PBXGroup;
			children = (
				8F219C3D17E2797A005FB9E2 /* CardGameViewController.h */,
				8F219C3E17E2797A005FB9E2 /* CardGameViewController.m */,
				8FBACA6117EF9C10009A2027 /* ScoreViewController.h */,
				8FBACA6217EF9C10009A2027 /* ScoreViewController.m */,
				8FBACA6417EF9C33009A2027 /* SettingsViewController.h */,
				8FBACA6517EF9C33009A2027 /* SettingsViewController.m */,
				8FBACA5F17EF9BAF009A2027 /* SetViewController.m */,
				8FBACA5E17EF9BAF009A2027 /* SetViewController.h */,
			);
			name = ViewController;
			sourceTree = "<group>";
		};
/* End PBXGroup section */

/* Begin PBXNativeTarget section */
		8F219C1E17E27979005FB9E2 /* matchismo */ = {
			isa = PBXNativeTarget;
			buildConfigurationList = 8F219C4217E2797A005FB9E2 /* Build configuration list for PBXNativeTarget "matchismo" */;
			buildPhases = (
				8F219C1B17E27979005FB9E2 /* Sources */,
				8F219C1C17E27979005FB9E2 /* Frameworks */,
				8F219C1D17E27979005FB9E2 /* Resources */,
			);
			buildRules = (
			);
			dependencies = (
			);
			name = matchismo;
			productName = matchismo;
			productReference = 8F219C1F17E2797A005FB9E2 /* matchismo.app */;
			productType = "com.apple.product-type.application";
		};
/* End PBXNativeTarget section */

/* Begin PBXProject section */
		8F219C1717E27979005FB9E2 /* Project object */ = {
			isa = PBXProject;
			attributes = {
				CLASSPREFIX = CardGame;
				LastUpgradeCheck = 0460;
				ORGANIZATIONNAME = "Pierre Thelusma";
			};
			buildConfigurationList = 8F219C1A17E27979005FB9E2 /* Build configuration list for PBXProject "matchismo" */;
			compatibilityVersion = "Xcode 3.2";
			developmentRegion = English;
			hasScannedForEncodings = 0;
			knownRegions = (
				en,
			);
			mainGroup = 8F219C1617E27979005FB9E2;
			productRefGroup = 8F219C2017E2797A005FB9E2 /* Products */;
			projectDirPath = "";
			projectRoot = "";
			targets = (
				8F219C1E17E27979005FB9E2 /* matchismo */,
			);
		};
/* End PBXProject section */

/* Begin PBXResourcesBuildPhase section */
		8F219C1D17E27979005FB9E2 /* Resources */ = {
			isa = PBXResourcesBuildPhase;
			buildActionMask = 2147483647;
			files = (
				8F219C2D17E2797A005FB9E2 /* InfoPlist.strings in Resources */,
				8F219C3517E2797A005FB9E2 /* Default.png in Resources */,
				8F219C3717E2797A005FB9E2 /* Default@2x.png in Resources */,
				8F219C3917E2797A005FB9E2 /* Default-568h@2x.png in Resources */,
				8F219C3C17E2797A005FB9E2 /* MainStoryboard.storyboard in Resources */,
				8F219C5617E4C456005FB9E2 /* 326.png in Resources */,
				8FBACA7517F45477009A2027 /* image006.png in Resources */,
				8FBACA7917F455A4009A2027 /* 1380213845_Toolbox.png in Resources */,
				8FBACA7B17F45670009A2027 /* Icon-Score.png in Resources */,
				8FBACA7D17F456F7009A2027 /* gameboid.png in Resources */,
				8FBACA7F17F457A0009A2027 /* 1380214306_triangle.png in Resources */,
			);
			runOnlyForDeploymentPostprocessing = 0;
		};
/* End PBXResourcesBuildPhase section */

/* Begin PBXSourcesBuildPhase section */
		8F219C1B17E27979005FB9E2 /* Sources */ = {
			isa = PBXSourcesBuildPhase;
			buildActionMask = 2147483647;
			files = (
				8F219C2F17E2797A005FB9E2 /* main.m in Sources */,
				8F219C3317E2797A005FB9E2 /* CardGameAppDelegate.m in Sources */,
				8F219C3F17E2797A005FB9E2 /* CardGameViewController.m in Sources */,
				8F219C4717E280FC005FB9E2 /* Card.m in Sources */,
				8F219C4A17E28129005FB9E2 /* Deck.m in Sources */,
				8F219C4E17E28ED9005FB9E2 /* PlayingCard.m in Sources */,
				8F219C5117E29D99005FB9E2 /* PlayingCardDeck.m in Sources */,
				8F219C5417E2AD6E005FB9E2 /* CardMatchingGame.m in Sources */,
				8FBACA6017EF9BAF009A2027 /* SetViewController.m in Sources */,
				8FBACA6317EF9C10009A2027 /* ScoreViewController.m in Sources */,
				8FBACA6617EF9C33009A2027 /* SettingsViewController.m in Sources */,
				8FBACA6A17EFB6DC009A2027 /* SetPlayingCard.m in Sources */,
				8FBACA6D17F1DCAB009A2027 /* SetPlayingCardDeck.m in Sources */,
				8FBACA7017F2030D009A2027 /* CardGame.m in Sources */,
				8FBACA7317F2032D009A2027 /* SetCardGame.m in Sources */,
				8F75302917F8E44700726776 /* Score.m in Sources */,
			);
			runOnlyForDeploymentPostprocessing = 0;
		};
/* End PBXSourcesBuildPhase section */

/* Begin PBXVariantGroup section */
		8F219C2B17E2797A005FB9E2 /* InfoPlist.strings */ = {
			isa = PBXVariantGroup;
			children = (
				8F219C2C17E2797A005FB9E2 /* en */,
			);
			name = InfoPlist.strings;
			sourceTree = "<group>";
		};
		8F219C3A17E2797A005FB9E2 /* MainStoryboard.storyboard */ = {
			isa = PBXVariantGroup;
			children = (
				8F219C3B17E2797A005FB9E2 /* en */,
			);
			name = MainStoryboard.storyboard;
			sourceTree = "<group>";
		};
/* End PBXVariantGroup section */

/* Begin XCBuildConfiguration section */
		8F219C4017E2797A005FB9E2 /* Debug */ = {
			isa = XCBuildConfiguration;
			buildSettings = {
				ALWAYS_SEARCH_USER_PATHS = NO;
				CLANG_CXX_LANGUAGE_STANDARD = "gnu++0x";
				CLANG_CXX_LIBRARY = "libc++";
				CLANG_ENABLE_OBJC_ARC = YES;
				CLANG_WARN_CONSTANT_CONVERSION = YES;
				CLANG_WARN_EMPTY_BODY = YES;
				CLANG_WARN_ENUM_CONVERSION = YES;
				CLANG_WARN_INT_CONVERSION = YES;
				CLANG_WARN__DUPLICATE_METHOD_MATCH = YES;
				"CODE_SIGN_IDENTITY[sdk=iphoneos*]" = "iPhone Developer";
				COPY_PHASE_STRIP = NO;
				GCC_C_LANGUAGE_STANDARD = gnu99;
				GCC_DYNAMIC_NO_PIC = NO;
				GCC_OPTIMIZATION_LEVEL = 0;
				GCC_PREPROCESSOR_DEFINITIONS = (
					"DEBUG=1",
					"$(inherited)",
				);
				GCC_SYMBOLS_PRIVATE_EXTERN = NO;
				GCC_WARN_ABOUT_RETURN_TYPE = YES;
				GCC_WARN_UNINITIALIZED_AUTOS = YES;
				GCC_WARN_UNUSED_VARIABLE = YES;
				IPHONEOS_DEPLOYMENT_TARGET = 6.1;
				ONLY_ACTIVE_ARCH = YES;
				SDKROOT = iphoneos;
			};
			name = Debug;
		};
		8F219C4117E2797A005FB9E2 /* Release */ = {
			isa = XCBuildConfiguration;
			buildSettings = {
				ALWAYS_SEARCH_USER_PATHS = NO;
				CLANG_CXX_LANGUAGE_STANDARD = "gnu++0x";
				CLANG_CXX_LIBRARY = "libc++";
				CLANG_ENABLE_OBJC_ARC = YES;
				CLANG_WARN_CONSTANT_CONVERSION = YES;
				CLANG_WARN_EMPTY_BODY = YES;
				CLANG_WARN_ENUM_CONVERSION = YES;
				CLANG_WARN_INT_CONVERSION = YES;
				CLANG_WARN__DUPLICATE_METHOD_MATCH = YES;
				"CODE_SIGN_IDENTITY[sdk=iphoneos*]" = "iPhone Developer";
				COPY_PHASE_STRIP = YES;
				GCC_C_LANGUAGE_STANDARD = gnu99;
				GCC_WARN_ABOUT_RETURN_TYPE = YES;
				GCC_WARN_UNINITIALIZED_AUTOS = YES;
				GCC_WARN_UNUSED_VARIABLE = YES;
				IPHONEOS_DEPLOYMENT_TARGET = 6.1;
				OTHER_CFLAGS = "-DNS_BLOCK_ASSERTIONS=1";
				SDKROOT = iphoneos;
				VALIDATE_PRODUCT = YES;
			};
			name = Release;
		};
		8F219C4317E2797A005FB9E2 /* Debug */ = {
			isa = XCBuildConfiguration;
			buildSettings = {
				GCC_PRECOMPILE_PREFIX_HEADER = YES;
				GCC_PREFIX_HEADER = "matchismo/matchismo-Prefix.pch";
				INFOPLIST_FILE = "matchismo/matchismo-Info.plist";
				PRODUCT_NAME = "$(TARGET_NAME)";
				WRAPPER_EXTENSION = app;
			};
			name = Debug;
		};
		8F219C4417E2797A005FB9E2 /* Release */ = {
			isa = XCBuildConfiguration;
			buildSettings = {
				GCC_PRECOMPILE_PREFIX_HEADER = YES;
				GCC_PREFIX_HEADER = "matchismo/matchismo-Prefix.pch";
				INFOPLIST_FILE = "matchismo/matchismo-Info.plist";
				PRODUCT_NAME = "$(TARGET_NAME)";
				WRAPPER_EXTENSION = app;
			};
			name = Release;
		};
/* End XCBuildConfiguration section */

/* Begin XCConfigurationList section */
		8F219C1A17E27979005FB9E2 /* Build configuration list for PBXProject "matchismo" */ = {
			isa = XCConfigurationList;
			buildConfigurations = (
				8F219C4017E2797A005FB9E2 /* Debug */,
				8F219C4117E2797A005FB9E2 /* Release */,
			);
			defaultConfigurationIsVisible = 0;
			defaultConfigurationName = Release;
		};
		8F219C4217E2797A005FB9E2 /* Build configuration list for PBXNativeTarget "matchismo" */ = {
			isa = XCConfigurationList;
			buildConfigurations = (
				8F219C4317E2797A005FB9E2 /* Debug */,
				8F219C4417E2797A005FB9E2 /* Release */,
			);
			defaultConfigurationIsVisible = 0;
			defaultConfigurationName = Release;
		};
/* End XCConfigurationList section */
	};
	rootObject = 8F219C1717E27979005FB9E2 /* Project object */;
}
